
Microsoft Visual Studio Solution File, Format Version 12.00
# Visual Studio Version 17
VisualStudioVersion = 17.14.36401.2 d17.14
MinimumVisualStudioVersion = 10.0.40219.1
Project("{FAE04EC0-301F-11D3-BF4B-00C04F79EFBC}") = "04-shadowing- inloops", "04-shadowing- inloops.csproj", "{1609D79D-8FFF-4CE9-BCE2-B8F4A2D7AE7A}"
EndProject
Global
	GlobalSection(SolutionConfigurationPlatforms) = preSolution
		Debug|Any CPU = Debug|Any CPU
		Release|Any CPU = Release|Any CPU
	EndGlobalSection
	GlobalSection(ProjectConfigurationPlatforms) = postSolution
		{1609D79D-8FFF-4CE9-BCE2-B8F4A2D7AE7A}.Debug|Any CPU.ActiveCfg = Debug|Any CPU
		{1609D79D-8FFF-4CE9-BCE2-B8F4A2D7AE7A}.Debug|Any CPU.Build.0 = Debug|Any CPU
		{1609D79D-8FFF-4CE9-BCE2-B8F4A2D7AE7A}.Release|Any CPU.ActiveCfg = Release|Any CPU
		{1609D79D-8FFF-4CE9-BCE2-B8F4A2D7AE7A}.Release|Any CPU.Build.0 = Release|Any CPU
	EndGlobalSection
	GlobalSection(SolutionProperties) = preSolution
		HideSolutionNode = FALSE
	EndGlobalSection
	GlobalSection(ExtensibilityGlobals) = postSolution
		SolutionGuid = {AF165044-FC9B-45D4-B6D2-BE1AC12E5484}
	EndGlobalSection
EndGlobal
