
Microsoft Visual Studio Solution File, Format Version 12.00
# Visual Studio Version 17
VisualStudioVersion = 17.14.36414.22 d17.14
MinimumVisualStudioVersion = 10.0.40219.1
Project("{FAE04EC0-301F-11D3-BF4B-00C04F79EFBC}") = "01-bank-blnc-update", "01-bank-blnc-update.csproj", "{A1095BF7-E56A-4836-93B0-24186FB052DB}"
EndProject
Global
	GlobalSection(SolutionConfigurationPlatforms) = preSolution
		Debug|Any CPU = Debug|Any CPU
		Release|Any CPU = Release|Any CPU
	EndGlobalSection
	GlobalSection(ProjectConfigurationPlatforms) = postSolution
		{A1095BF7-E56A-4836-93B0-24186FB052DB}.Debug|Any CPU.ActiveCfg = Debug|Any CPU
		{A1095BF7-E56A-4836-93B0-24186FB052DB}.Debug|Any CPU.Build.0 = Debug|Any CPU
		{A1095BF7-E56A-4836-93B0-24186FB052DB}.Release|Any CPU.ActiveCfg = Release|Any CPU
		{A1095BF7-E56A-4836-93B0-24186FB052DB}.Release|Any CPU.Build.0 = Release|Any CPU
	EndGlobalSection
	GlobalSection(SolutionProperties) = preSolution
		HideSolutionNode = FALSE
	EndGlobalSection
	GlobalSection(ExtensibilityGlobals) = postSolution
		SolutionGuid = {27950480-97D7-4104-878B-CF65D6D595C6}
	EndGlobalSection
EndGlobal
