
Microsoft Visual Studio Solution File, Format Version 12.00
# Visual Studio Version 17
VisualStudioVersion = 17.14.36401.2 d17.14
MinimumVisualStudioVersion = 10.0.40219.1
Project("{FAE04EC0-301F-11D3-BF4B-00C04F79EFBC}") = "07-surprise-conv-challenge", "07-surprise-conv-challenge.csproj", "{F8DCD631-386D-4599-8E0B-72F84D743ED1}"
EndProject
Global
	GlobalSection(SolutionConfigurationPlatforms) = preSolution
		Debug|Any CPU = Debug|Any CPU
		Release|Any CPU = Release|Any CPU
	EndGlobalSection
	GlobalSection(ProjectConfigurationPlatforms) = postSolution
		{F8DCD631-386D-4599-8E0B-72F84D743ED1}.Debug|Any CPU.ActiveCfg = Debug|Any CPU
		{F8DCD631-386D-4599-8E0B-72F84D743ED1}.Debug|Any CPU.Build.0 = Debug|Any CPU
		{F8DCD631-386D-4599-8E0B-72F84D743ED1}.Release|Any CPU.ActiveCfg = Release|Any CPU
		{F8DCD631-386D-4599-8E0B-72F84D743ED1}.Release|Any CPU.Build.0 = Release|Any CPU
	EndGlobalSection
	GlobalSection(SolutionProperties) = preSolution
		HideSolutionNode = FALSE
	EndGlobalSection
	GlobalSection(ExtensibilityGlobals) = postSolution
		SolutionGuid = {FF783B04-55A1-410E-88BA-D7B454863C10}
	EndGlobalSection
EndGlobal
