
Microsoft Visual Studio Solution File, Format Version 12.00
# Visual Studio Version 17
VisualStudioVersion = 17.14.36310.24 d17.14
MinimumVisualStudioVersion = 10.0.40219.1
Project("{FAE04EC0-301F-11D3-BF4B-00C04F79EFBC}") = "05-scope-variable", "05-scope-variable.csproj", "{785319F4-E52F-491B-A97A-6ACB0A4491DC}"
EndProject
Global
	GlobalSection(SolutionConfigurationPlatforms) = preSolution
		Debug|Any CPU = Debug|Any CPU
		Release|Any CPU = Release|Any CPU
	EndGlobalSection
	GlobalSection(ProjectConfigurationPlatforms) = postSolution
		{785319F4-E52F-491B-A97A-6ACB0A4491DC}.Debug|Any CPU.ActiveCfg = Debug|Any CPU
		{785319F4-E52F-491B-A97A-6ACB0A4491DC}.Debug|Any CPU.Build.0 = Debug|Any CPU
		{785319F4-E52F-491B-A97A-6ACB0A4491DC}.Release|Any CPU.ActiveCfg = Release|Any CPU
		{785319F4-E52F-491B-A97A-6ACB0A4491DC}.Release|Any CPU.Build.0 = Release|Any CPU
	EndGlobalSection
	GlobalSection(SolutionProperties) = preSolution
		HideSolutionNode = FALSE
	EndGlobalSection
	GlobalSection(ExtensibilityGlobals) = postSolution
		SolutionGuid = {A52D59E0-9DAD-42D0-B2F9-497663D2AEF5}
	EndGlobalSection
EndGlobal
