
Microsoft Visual Studio Solution File, Format Version 12.00
# Visual Studio Version 17
VisualStudioVersion = 17.14.36401.2 d17.14
MinimumVisualStudioVersion = 10.0.40219.1
Project("{FAE04EC0-301F-11D3-BF4B-00C04F79EFBC}") = "03-const-conversion-table", "03-const-conversion-table.csproj", "{B10B516E-1417-49AB-9D46-8217850D5E14}"
EndProject
Global
	GlobalSection(SolutionConfigurationPlatforms) = preSolution
		Debug|Any CPU = Debug|Any CPU
		Release|Any CPU = Release|Any CPU
	EndGlobalSection
	GlobalSection(ProjectConfigurationPlatforms) = postSolution
		{B10B516E-1417-49AB-9D46-8217850D5E14}.Debug|Any CPU.ActiveCfg = Debug|Any CPU
		{B10B516E-1417-49AB-9D46-8217850D5E14}.Debug|Any CPU.Build.0 = Debug|Any CPU
		{B10B516E-1417-49AB-9D46-8217850D5E14}.Release|Any CPU.ActiveCfg = Release|Any CPU
		{B10B516E-1417-49AB-9D46-8217850D5E14}.Release|Any CPU.Build.0 = Release|Any CPU
	EndGlobalSection
	GlobalSection(SolutionProperties) = preSolution
		HideSolutionNode = FALSE
	EndGlobalSection
	GlobalSection(ExtensibilityGlobals) = postSolution
		SolutionGuid = {DB921E8E-DD84-4D86-9AAB-54D861AE9A37}
	EndGlobalSection
EndGlobal
