
Microsoft Visual Studio Solution File, Format Version 12.00
# Visual Studio Version 17
VisualStudioVersion = 17.14.36401.2 d17.14
MinimumVisualStudioVersion = 10.0.40219.1
Project("{FAE04EC0-301F-11D3-BF4B-00C04F79EFBC}") = "04-overflow", "04-overflow.csproj", "{87A3AEFF-B698-4BFD-BD32-D2FEE6FE4B21}"
EndProject
Global
	GlobalSection(SolutionConfigurationPlatforms) = preSolution
		Debug|Any CPU = Debug|Any CPU
		Release|Any CPU = Release|Any CPU
	EndGlobalSection
	GlobalSection(ProjectConfigurationPlatforms) = postSolution
		{87A3AEFF-B698-4BFD-BD32-D2FEE6FE4B21}.Debug|Any CPU.ActiveCfg = Debug|Any CPU
		{87A3AEFF-B698-4BFD-BD32-D2FEE6FE4B21}.Debug|Any CPU.Build.0 = Debug|Any CPU
		{87A3AEFF-B698-4BFD-BD32-D2FEE6FE4B21}.Release|Any CPU.ActiveCfg = Release|Any CPU
		{87A3AEFF-B698-4BFD-BD32-D2FEE6FE4B21}.Release|Any CPU.Build.0 = Release|Any CPU
	EndGlobalSection
	GlobalSection(SolutionProperties) = preSolution
		HideSolutionNode = FALSE
	EndGlobalSection
	GlobalSection(ExtensibilityGlobals) = postSolution
		SolutionGuid = {C41D2F7C-3861-4F2A-998E-AAC010A25F07}
	EndGlobalSection
EndGlobal
