
Microsoft Visual Studio Solution File, Format Version 12.00
# Visual Studio Version 17
VisualStudioVersion = 17.14.36310.24 d17.14
MinimumVisualStudioVersion = 10.0.40219.1
Project("{FAE04EC0-301F-11D3-BF4B-00C04F79EFBC}") = "Csharp-variables", "Csharp-variables.csproj", "{161DF17F-91B6-44D6-CFAD-68056058153A}"
EndProject
Global
	GlobalSection(SolutionConfigurationPlatforms) = preSolution
		Debug|x86 = Debug|x86
		Release|x86 = Release|x86
	EndGlobalSection
	GlobalSection(ProjectConfigurationPlatforms) = postSolution
		{161DF17F-91B6-44D6-CFAD-68056058153A}.Debug|x86.ActiveCfg = Debug|x86
		{161DF17F-91B6-44D6-CFAD-68056058153A}.Debug|x86.Build.0 = Debug|x86
		{161DF17F-91B6-44D6-CFAD-68056058153A}.Release|x86.ActiveCfg = Release|x86
		{161DF17F-91B6-44D6-CFAD-68056058153A}.Release|x86.Build.0 = Release|x86
	EndGlobalSection
	GlobalSection(SolutionProperties) = preSolution
		HideSolutionNode = FALSE
	EndGlobalSection
	GlobalSection(ExtensibilityGlobals) = postSolution
		SolutionGuid = {7B814474-4FE7-4A6C-A45B-7E013FCB9EF5}
	EndGlobalSection
EndGlobal
