
Microsoft Visual Studio Solution File, Format Version 12.00
# Visual Studio Version 17
VisualStudioVersion = 17.14.36401.2 d17.14
MinimumVisualStudioVersion = 10.0.40219.1
Project("{FAE04EC0-301F-11D3-BF4B-00C04F79EFBC}") = "02-safe-user-input", "02-safe-user-input.csproj", "{70F99B89-F7EF-41A9-B004-1C94F2D26091}"
EndProject
Global
	GlobalSection(SolutionConfigurationPlatforms) = preSolution
		Debug|Any CPU = Debug|Any CPU
		Release|Any CPU = Release|Any CPU
	EndGlobalSection
	GlobalSection(ProjectConfigurationPlatforms) = postSolution
		{70F99B89-F7EF-41A9-B004-1C94F2D26091}.Debug|Any CPU.ActiveCfg = Debug|Any CPU
		{70F99B89-F7EF-41A9-B004-1C94F2D26091}.Debug|Any CPU.Build.0 = Debug|Any CPU
		{70F99B89-F7EF-41A9-B004-1C94F2D26091}.Release|Any CPU.ActiveCfg = Release|Any CPU
		{70F99B89-F7EF-41A9-B004-1C94F2D26091}.Release|Any CPU.Build.0 = Release|Any CPU
	EndGlobalSection
	GlobalSection(SolutionProperties) = preSolution
		HideSolutionNode = FALSE
	EndGlobalSection
	GlobalSection(ExtensibilityGlobals) = postSolution
		SolutionGuid = {B586CA91-9AB6-4DE9-B947-BD8DCC2B4792}
	EndGlobalSection
EndGlobal
