
Microsoft Visual Studio Solution File, Format Version 12.00
# Visual Studio Version 17
VisualStudioVersion = 17.14.36310.24 d17.14
MinimumVisualStudioVersion = 10.0.40219.1
Project("{FAE04EC0-301F-11D3-BF4B-00C04F79EFBC}") = "03-rotate-three-varvalues", "03-rotate-three-varvalues.csproj", "{78A9ABA9-B7A4-4110-AB54-E60C5E5C770E}"
EndProject
Global
	GlobalSection(SolutionConfigurationPlatforms) = preSolution
		Debug|Any CPU = Debug|Any CPU
		Release|Any CPU = Release|Any CPU
	EndGlobalSection
	GlobalSection(ProjectConfigurationPlatforms) = postSolution
		{78A9ABA9-B7A4-4110-AB54-E60C5E5C770E}.Debug|Any CPU.ActiveCfg = Debug|Any CPU
		{78A9ABA9-B7A4-4110-AB54-E60C5E5C770E}.Debug|Any CPU.Build.0 = Debug|Any CPU
		{78A9ABA9-B7A4-4110-AB54-E60C5E5C770E}.Release|Any CPU.ActiveCfg = Release|Any CPU
		{78A9ABA9-B7A4-4110-AB54-E60C5E5C770E}.Release|Any CPU.Build.0 = Release|Any CPU
	EndGlobalSection
	GlobalSection(SolutionProperties) = preSolution
		HideSolutionNode = FALSE
	EndGlobalSection
	GlobalSection(ExtensibilityGlobals) = postSolution
		SolutionGuid = {53593FBA-0EF5-46B5-ABEE-8908053F0C0F}
	EndGlobalSection
EndGlobal
